{
  "originHash" : "104e037ed8abea31df888efbb2a7e8b28b70ca1b14dbc147ba5aa0d62cc8a31b",
  "pins" : [
    {
      "identity" : "argmax-oss-swift",
      "kind" : "remoteSourceControl",
      "location" : "https://github.com/argmaxinc/argmax-oss-swift",
      "state" : {
        "revision" : "defefaefe33dc6dbb45005958abaea1c0f8293ff",
        "version" : "0.9.4"
      }
    },
    {
      "identity" : "swift-argument-parser",
      "kind" : "remoteSourceControl",
      "location" : "https://github.com/apple/swift-argument-parser.git",
      "state" : {
        "revision" : "c8ed701b513cf5177118a175d85fbbbcd707ab41",
        "version" : "1.3.0"
      }
    },
    {
      "identity" : "swift-transformers",
      "kind" : "remoteSourceControl",
      "location" : "https://github.com/huggingface/swift-transformers.git",
      "state" : {
        "revision" : "fc6543263e4caed9bf6107466d625cfae9357f08",
        "version" : "0.1.8"
      }
    }
  ],
  "version" : 3
}
